
Microsoft Visual Studio Solution File, Format Version 12.00
# Visual Studio Version 16
VisualStudioVersion = 16.0.31515.178
MinimumVisualStudioVersion = 10.0.40219.1
Project("{FAE04EC0-301F-11D3-BF4B-00C04F79EFBC}") = "IaunProject", "IaunProject\IaunProject.csproj", "{6DC2677A-575F-4A4D-98C4-F0EF25EEA44A}"
EndProject
Global
	GlobalSection(SolutionConfigurationPlatforms) = preSolution
		Debug|Any CPU = Debug|Any CPU
		Release|Any CPU = Release|Any CPU
	EndGlobalSection
	GlobalSection(ProjectConfigurationPlatforms) = postSolution
		{6DC2677A-575F-4A4D-98C4-F0EF25EEA44A}.Debug|Any CPU.ActiveCfg = Debug|Any CPU
		{6DC2677A-575F-4A4D-98C4-F0EF25EEA44A}.Debug|Any CPU.Build.0 = Debug|Any CPU
		{6DC2677A-575F-4A4D-98C4-F0EF25EEA44A}.Release|Any CPU.ActiveCfg = Release|Any CPU
		{6DC2677A-575F-4A4D-98C4-F0EF25EEA44A}.Release|Any CPU.Build.0 = Release|Any CPU
	EndGlobalSection
	GlobalSection(SolutionProperties) = preSolution
		HideSolutionNode = FALSE
	EndGlobalSection
	GlobalSection(ExtensibilityGlobals) = postSolution
		SolutionGuid = {27562EB3-F1BB-42CB-AC97-D34E9FC81E34}
	EndGlobalSection
EndGlobal
